// !$*UTF8*$!
{
	archiveVersion = 1;
	classes = {
	};
	objectVersion = 54;
	objects = {
		/* Placeholder Xcode project file for macOS */
		/* This file should be generated by running: flutter create . --platforms=macos */
		/* Or by using flutter build macos */
	};
	rootObject = 33CC10E52044A3C60003C045 /* Project object */;
}
